
Microsoft Visual Studio Solution File, Format Version 12.00
# Visual Studio 14
VisualStudioVersion = 14.0.25123.0
MinimumVisualStudioVersion = 10.0.40219.1
Project("{FAE04EC0-301F-11D3-BF4B-00C04F79EFBC}") = "FixieSpec", "src\FixieSpec\FixieSpec.csproj", "{BAC77003-DF6E-489C-B40B-7AA7C67C4716}"
EndProject
Project("{FAE04EC0-301F-11D3-BF4B-00C04F79EFBC}") = "FixieSpec.Tests", "tests\FixieSpec.Tests\FixieSpec.Tests.csproj", "{31A70DC0-4DB6-422E-BB02-EB606426D35B}"
EndProject
Project("{FAE04EC0-301F-11D3-BF4B-00C04F79EFBC}") = "FixieSpec.Specs", "tests\FixieSpec.Specs\FixieSpec.Specs.csproj", "{5C4D452D-3911-4D2F-A7A1-6D805ACC09C9}"
EndProject
Project("{2150E333-8FDC-42A3-9474-1A3956D46DE8}") = "Solution Items", "Solution Items", "{398F2A82-CB75-458E-BA2A-44745EC49A0B}"
	ProjectSection(SolutionItems) = preProject
		.gitattributes = .gitattributes
		.gitignore = .gitignore
		appveyor.yml = appveyor.yml
		build.cmd = build.cmd
		build.fsx = build.fsx
		LICENSE.txt = LICENSE.txt
		paket.dependencies = paket.dependencies
		README.md = README.md
		RELEASE_NOTES.md = RELEASE_NOTES.md
	EndProjectSection
EndProject
Project("{FAE04EC0-301F-11D3-BF4B-00C04F79EFBC}") = "FixieSpec.AutoFixture", "src\FixieSpec.AutoFixture\FixieSpec.AutoFixture.csproj", "{B8297C67-EBA2-402E-84BA-BC3673CD3EE9}"
EndProject
Project("{2150E333-8FDC-42A3-9474-1A3956D46DE8}") = "Samples", "Samples", "{EA53D953-2F5C-45BD-8373-55238320FAD6}"
	ProjectSection(SolutionItems) = preProject
		Samples\README.md = Samples\README.md
	EndProjectSection
EndProject
Project("{FAE04EC0-301F-11D3-BF4B-00C04F79EFBC}") = "AV.Domain", "Samples\AV.Domain\AV.Domain.csproj", "{0518F8CB-C6B8-4B63-B820-AD11481E3C2F}"
EndProject
Project("{FAE04EC0-301F-11D3-BF4B-00C04F79EFBC}") = "AV.Specifications", "Samples\AV.Specifications\AV.Specifications.csproj", "{3E6D16B8-0C61-4AE1-9C21-2C9CDFF20176}"
EndProject
Project("{FAE04EC0-301F-11D3-BF4B-00C04F79EFBC}") = "AV.Domain.Tests", "Samples\AV.Domain.Tests\AV.Domain.Tests.csproj", "{FBBB3E95-B84B-4244-8BED-BACE31F8772C}"
EndProject
Global
	GlobalSection(SolutionConfigurationPlatforms) = preSolution
		Debug|Any CPU = Debug|Any CPU
		Release|Any CPU = Release|Any CPU
	EndGlobalSection
	GlobalSection(ProjectConfigurationPlatforms) = postSolution
		{BAC77003-DF6E-489C-B40B-7AA7C67C4716}.Debug|Any CPU.ActiveCfg = Debug|Any CPU
		{BAC77003-DF6E-489C-B40B-7AA7C67C4716}.Debug|Any CPU.Build.0 = Debug|Any CPU
		{BAC77003-DF6E-489C-B40B-7AA7C67C4716}.Release|Any CPU.ActiveCfg = Release|Any CPU
		{BAC77003-DF6E-489C-B40B-7AA7C67C4716}.Release|Any CPU.Build.0 = Release|Any CPU
		{31A70DC0-4DB6-422E-BB02-EB606426D35B}.Debug|Any CPU.ActiveCfg = Debug|Any CPU
		{31A70DC0-4DB6-422E-BB02-EB606426D35B}.Debug|Any CPU.Build.0 = Debug|Any CPU
		{31A70DC0-4DB6-422E-BB02-EB606426D35B}.Release|Any CPU.ActiveCfg = Release|Any CPU
		{31A70DC0-4DB6-422E-BB02-EB606426D35B}.Release|Any CPU.Build.0 = Release|Any CPU
		{5C4D452D-3911-4D2F-A7A1-6D805ACC09C9}.Debug|Any CPU.ActiveCfg = Debug|Any CPU
		{5C4D452D-3911-4D2F-A7A1-6D805ACC09C9}.Debug|Any CPU.Build.0 = Debug|Any CPU
		{5C4D452D-3911-4D2F-A7A1-6D805ACC09C9}.Release|Any CPU.ActiveCfg = Release|Any CPU
		{5C4D452D-3911-4D2F-A7A1-6D805ACC09C9}.Release|Any CPU.Build.0 = Release|Any CPU
		{B8297C67-EBA2-402E-84BA-BC3673CD3EE9}.Debug|Any CPU.ActiveCfg = Debug|Any CPU
		{B8297C67-EBA2-402E-84BA-BC3673CD3EE9}.Debug|Any CPU.Build.0 = Debug|Any CPU
		{B8297C67-EBA2-402E-84BA-BC3673CD3EE9}.Release|Any CPU.ActiveCfg = Release|Any CPU
		{B8297C67-EBA2-402E-84BA-BC3673CD3EE9}.Release|Any CPU.Build.0 = Release|Any CPU
		{0518F8CB-C6B8-4B63-B820-AD11481E3C2F}.Debug|Any CPU.ActiveCfg = Debug|Any CPU
		{0518F8CB-C6B8-4B63-B820-AD11481E3C2F}.Debug|Any CPU.Build.0 = Debug|Any CPU
		{0518F8CB-C6B8-4B63-B820-AD11481E3C2F}.Release|Any CPU.ActiveCfg = Release|Any CPU
		{0518F8CB-C6B8-4B63-B820-AD11481E3C2F}.Release|Any CPU.Build.0 = Release|Any CPU
		{3E6D16B8-0C61-4AE1-9C21-2C9CDFF20176}.Debug|Any CPU.ActiveCfg = Debug|Any CPU
		{3E6D16B8-0C61-4AE1-9C21-2C9CDFF20176}.Debug|Any CPU.Build.0 = Debug|Any CPU
		{3E6D16B8-0C61-4AE1-9C21-2C9CDFF20176}.Release|Any CPU.ActiveCfg = Release|Any CPU
		{3E6D16B8-0C61-4AE1-9C21-2C9CDFF20176}.Release|Any CPU.Build.0 = Release|Any CPU
		{FBBB3E95-B84B-4244-8BED-BACE31F8772C}.Debug|Any CPU.ActiveCfg = Debug|Any CPU
		{FBBB3E95-B84B-4244-8BED-BACE31F8772C}.Debug|Any CPU.Build.0 = Debug|Any CPU
		{FBBB3E95-B84B-4244-8BED-BACE31F8772C}.Release|Any CPU.ActiveCfg = Release|Any CPU
		{FBBB3E95-B84B-4244-8BED-BACE31F8772C}.Release|Any CPU.Build.0 = Release|Any CPU
	EndGlobalSection
	GlobalSection(SolutionProperties) = preSolution
		HideSolutionNode = FALSE
	EndGlobalSection
	GlobalSection(NestedProjects) = preSolution
		{0518F8CB-C6B8-4B63-B820-AD11481E3C2F} = {EA53D953-2F5C-45BD-8373-55238320FAD6}
		{3E6D16B8-0C61-4AE1-9C21-2C9CDFF20176} = {EA53D953-2F5C-45BD-8373-55238320FAD6}
		{FBBB3E95-B84B-4244-8BED-BACE31F8772C} = {EA53D953-2F5C-45BD-8373-55238320FAD6}
	EndGlobalSection
EndGlobal
